
Microsoft Visual Studio Solution File, Format Version 12.00
# Visual Studio Version 17
VisualStudioVersion = 17.1.32414.318
MinimumVisualStudioVersion = 10.0.40219.1
Project("{FAE04EC0-301F-11D3-BF4B-00C04F79EFBC}") = "HomeWork5", "HomeWork5\HomeWork5.csproj", "{862DE8FB-8FCC-4B75-8BBA-CBBACD206AB2}"
EndProject
Global
	GlobalSection(SolutionConfigurationPlatforms) = preSolution
		Debug|Any CPU = Debug|Any CPU
		Release|Any CPU = Release|Any CPU
	EndGlobalSection
	GlobalSection(ProjectConfigurationPlatforms) = postSolution
		{862DE8FB-8FCC-4B75-8BBA-CBBACD206AB2}.Debug|Any CPU.ActiveCfg = Debug|Any CPU
		{862DE8FB-8FCC-4B75-8BBA-CBBACD206AB2}.Debug|Any CPU.Build.0 = Debug|Any CPU
		{862DE8FB-8FCC-4B75-8BBA-CBBACD206AB2}.Release|Any CPU.ActiveCfg = Release|Any CPU
		{862DE8FB-8FCC-4B75-8BBA-CBBACD206AB2}.Release|Any CPU.Build.0 = Release|Any CPU
	EndGlobalSection
	GlobalSection(SolutionProperties) = preSolution
		HideSolutionNode = FALSE
	EndGlobalSection
	GlobalSection(ExtensibilityGlobals) = postSolution
		SolutionGuid = {3C9D9F12-F7D8-482D-8E4D-3A42FE4C1821}
	EndGlobalSection
EndGlobal
